
Microsoft Visual Studio Solution File, Format Version 12.00
# Visual Studio Version 17
VisualStudioVersion = 17.8.34525.116
MinimumVisualStudioVersion = 10.0.40219.1
Project("{FAE04EC0-301F-11D3-BF4B-00C04F79EFBC}") = "Movies", "Movies\Movies.csproj", "{EEC42320-FB21-40DF-9C38-A16F6939D4A3}"
EndProject
Project("{FAE04EC0-301F-11D3-BF4B-00C04F79EFBC}") = "Entities", "Entities\Entities.csproj", "{613CEC2C-6DEE-4FA7-910E-83E3ADD9630E}"
EndProject
Project("{FAE04EC0-301F-11D3-BF4B-00C04F79EFBC}") = "DataAccess", "DataAccess\DataAccess.csproj", "{E85733F2-3E84-49E5-8BC4-7F2D2C5C7C09}"
EndProject
Project("{FAE04EC0-301F-11D3-BF4B-00C04F79EFBC}") = "Tests", "Tests\Tests.csproj", "{ED138822-9D37-4473-9D78-9245041C6BB9}"
	ProjectSection(ProjectDependencies) = postProject
		{1A4F068E-3106-4998-AB35-4A9F905CB224} = {1A4F068E-3106-4998-AB35-4A9F905CB224}
	EndProjectSection
EndProject
Project("{FAE04EC0-301F-11D3-BF4B-00C04F79EFBC}") = "Service", "Service\Service.csproj", "{1A4F068E-3106-4998-AB35-4A9F905CB224}"
EndProject
Global
	GlobalSection(SolutionConfigurationPlatforms) = preSolution
		Debug|Any CPU = Debug|Any CPU
		Release|Any CPU = Release|Any CPU
	EndGlobalSection
	GlobalSection(ProjectConfigurationPlatforms) = postSolution
		{EEC42320-FB21-40DF-9C38-A16F6939D4A3}.Debug|Any CPU.ActiveCfg = Debug|Any CPU
		{EEC42320-FB21-40DF-9C38-A16F6939D4A3}.Debug|Any CPU.Build.0 = Debug|Any CPU
		{EEC42320-FB21-40DF-9C38-A16F6939D4A3}.Release|Any CPU.ActiveCfg = Release|Any CPU
		{EEC42320-FB21-40DF-9C38-A16F6939D4A3}.Release|Any CPU.Build.0 = Release|Any CPU
		{613CEC2C-6DEE-4FA7-910E-83E3ADD9630E}.Debug|Any CPU.ActiveCfg = Debug|Any CPU
		{613CEC2C-6DEE-4FA7-910E-83E3ADD9630E}.Debug|Any CPU.Build.0 = Debug|Any CPU
		{613CEC2C-6DEE-4FA7-910E-83E3ADD9630E}.Release|Any CPU.ActiveCfg = Release|Any CPU
		{613CEC2C-6DEE-4FA7-910E-83E3ADD9630E}.Release|Any CPU.Build.0 = Release|Any CPU
		{E85733F2-3E84-49E5-8BC4-7F2D2C5C7C09}.Debug|Any CPU.ActiveCfg = Debug|Any CPU
		{E85733F2-3E84-49E5-8BC4-7F2D2C5C7C09}.Debug|Any CPU.Build.0 = Debug|Any CPU
		{E85733F2-3E84-49E5-8BC4-7F2D2C5C7C09}.Release|Any CPU.ActiveCfg = Release|Any CPU
		{E85733F2-3E84-49E5-8BC4-7F2D2C5C7C09}.Release|Any CPU.Build.0 = Release|Any CPU
		{ED138822-9D37-4473-9D78-9245041C6BB9}.Debug|Any CPU.ActiveCfg = Debug|Any CPU
		{ED138822-9D37-4473-9D78-9245041C6BB9}.Debug|Any CPU.Build.0 = Debug|Any CPU
		{ED138822-9D37-4473-9D78-9245041C6BB9}.Release|Any CPU.ActiveCfg = Release|Any CPU
		{ED138822-9D37-4473-9D78-9245041C6BB9}.Release|Any CPU.Build.0 = Release|Any CPU
		{1A4F068E-3106-4998-AB35-4A9F905CB224}.Debug|Any CPU.ActiveCfg = Debug|Any CPU
		{1A4F068E-3106-4998-AB35-4A9F905CB224}.Debug|Any CPU.Build.0 = Debug|Any CPU
		{1A4F068E-3106-4998-AB35-4A9F905CB224}.Release|Any CPU.ActiveCfg = Release|Any CPU
		{1A4F068E-3106-4998-AB35-4A9F905CB224}.Release|Any CPU.Build.0 = Release|Any CPU
	EndGlobalSection
	GlobalSection(SolutionProperties) = preSolution
		HideSolutionNode = FALSE
	EndGlobalSection
	GlobalSection(ExtensibilityGlobals) = postSolution
		SolutionGuid = {82282EDE-2518-407B-AEEF-DD438CC10AE5}
	EndGlobalSection
EndGlobal
